<?xml version="1.0" encoding="utf-8"?>
<Project ToolsVersion="4.0" xmlns="http://schemas.microsoft.com/developer/msbuild/2003">
  <ItemGroup>
    <Filter Include="Source Files">
      <UniqueIdentifier>{4FC737F1-C7A5-4376-A066-2A32D752A2FF}</UniqueIdentifier>
      <Extensions>cpp;c;cc;cxx;def;odl;idl;hpj;bat;asm;asmx</Extensions>
    </Filter>
    <Filter Include="Header Files">
      <UniqueIdentifier>{93995380-89BD-4b04-88EB-625FBE52EBFB}</UniqueIdentifier>
      <Extensions>h;hh;hpp;hxx;hm;inl;inc;xsd</Extensions>
    </Filter>
    <Filter Include="Resource Files">
      <UniqueIdentifier>{67DA6AB6-F800-4c08-8B7A-83BB121AAD01}</UniqueIdentifier>
      <Extensions>rc;ico;cur;bmp;dlg;rc2;rct;bin;rgs;gif;jpg;jpeg;jpe;resx;tiff;tif;png;wav;mfcribbon-ms</Extensions>
    </Filter>
  </ItemGroup>
  <ItemGroup>
    <ClCompile Include="main.cpp">
      <Filter>Source Files</Filter>
    </ClCompile>
    <ClCompile Include="ShaderProgram.cpp">
      <Filter>Source Files</Filter>
    </ClCompile>
    <ClCompile Include="PerlinNoise.cpp">
      <Filter>Source Files</Filter>
    </ClCompile>
  </ItemGroup>
  <ItemGroup>
    <ClInclude Include="ShaderProgram.h">
      <Filter>Header Files</Filter>
    </ClInclude>
    <ClInclude Include="PerlinNoise.h">
      <Filter>Header Files</Filter>
    </ClInclude>
  </ItemGroup>
  <ItemGroup>
    <None Include="fragment.glsl" />
    <None Include="vertex.glsl" />
    <None Include="fragment_textured.glsl" />
  </ItemGroup>
  <ItemGroup>
    <Image Include="beastlands.png">
      <Filter>Resource Files</Filter>
    </Image>
    <Image Include="enemies.png">
      <Filter>Resource Files</Filter>
    </Image>
    <Image Include="items.png">
      <Filter>Resource Files</Filter>
    </Image>
    <Image Include="player.png">
      <Filter>Resource Files</Filter>
    </Image>
    <Image Include="BlockFont.png">
      <Filter>Resource Files</Filter>
    </Image>
  </ItemGroup>
  <ItemGroup>
    <Text Include="Map1.txt" />
    <Text Include="MapFinal2.txt">
      <Filter>Resource Files</Filter>
    </Text>
    <Text Include="MapFinal.txt">
      <Filter>Resource Files</Filter>
    </Text>
  </ItemGroup>
  <ItemGroup>
    <Media Include="UGH HUH.wav">
      <Filter>Resource Files</Filter>
    </Media>
    <Media Include="09 Dire, Dire Docks.mp3">
      <Filter>Resource Files</Filter>
    </Media>
    <Media Include="25 Course Clear.mp3">
      <Filter>Resource Files</Filter>
    </Media>
    <Media Include="05 Cave Dweller Concert.mp3">
      <Filter>Resource Files</Filter>
    </Media>
    <Media Include="10 Lethal Lava Land.mp3">
      <Filter>Resource Files</Filter>
    </Media>
    <Media Include="341695__projectsu012__coins-1.wav">
      <Filter>Resource Files</Filter>
    </Media>
  </ItemGroup>
</Project>